
Microsoft Visual Studio Solution File, Format Version 12.00
# Visual Studio Version 16
VisualStudioVersion = 16.0.29230.61
MinimumVisualStudioVersion = 10.0.40219.1
Project("{9A19103F-16F7-4668-BE54-9A1E7A4F7556}") = "Domain", "Domain\Domain.csproj", "{9B24C505-5B79-4015-A4C1-BB980401A494}"
EndProject
Project("{9A19103F-16F7-4668-BE54-9A1E7A4F7556}") = "Persistence", "Persistence\Persistence.csproj", "{8C3D39B8-23DB-49AC-B7E5-E9341446EBA8}"
EndProject
Project("{9A19103F-16F7-4668-BE54-9A1E7A4F7556}") = "Application", "Application\Application.csproj", "{706BEE2D-C412-49D4-B508-CC828C4AEAC0}"
EndProject
Project("{FAE04EC0-301F-11D3-BF4B-00C04F79EFBC}") = "API", "API\API.csproj", "{81BF0C01-A06F-4DEC-9FB2-9EE9911CD2E5}"
EndProject
Global
	GlobalSection(SolutionConfigurationPlatforms) = preSolution
		Debug|Any CPU = Debug|Any CPU
		Release|Any CPU = Release|Any CPU
	EndGlobalSection
	GlobalSection(ProjectConfigurationPlatforms) = postSolution
		{9B24C505-5B79-4015-A4C1-BB980401A494}.Debug|Any CPU.ActiveCfg = Debug|Any CPU
		{9B24C505-5B79-4015-A4C1-BB980401A494}.Debug|Any CPU.Build.0 = Debug|Any CPU
		{9B24C505-5B79-4015-A4C1-BB980401A494}.Release|Any CPU.ActiveCfg = Release|Any CPU
		{9B24C505-5B79-4015-A4C1-BB980401A494}.Release|Any CPU.Build.0 = Release|Any CPU
		{8C3D39B8-23DB-49AC-B7E5-E9341446EBA8}.Debug|Any CPU.ActiveCfg = Debug|Any CPU
		{8C3D39B8-23DB-49AC-B7E5-E9341446EBA8}.Debug|Any CPU.Build.0 = Debug|Any CPU
		{8C3D39B8-23DB-49AC-B7E5-E9341446EBA8}.Release|Any CPU.ActiveCfg = Release|Any CPU
		{8C3D39B8-23DB-49AC-B7E5-E9341446EBA8}.Release|Any CPU.Build.0 = Release|Any CPU
		{706BEE2D-C412-49D4-B508-CC828C4AEAC0}.Debug|Any CPU.ActiveCfg = Debug|Any CPU
		{706BEE2D-C412-49D4-B508-CC828C4AEAC0}.Debug|Any CPU.Build.0 = Debug|Any CPU
		{706BEE2D-C412-49D4-B508-CC828C4AEAC0}.Release|Any CPU.ActiveCfg = Release|Any CPU
		{706BEE2D-C412-49D4-B508-CC828C4AEAC0}.Release|Any CPU.Build.0 = Release|Any CPU
		{81BF0C01-A06F-4DEC-9FB2-9EE9911CD2E5}.Debug|Any CPU.ActiveCfg = Debug|Any CPU
		{81BF0C01-A06F-4DEC-9FB2-9EE9911CD2E5}.Debug|Any CPU.Build.0 = Debug|Any CPU
		{81BF0C01-A06F-4DEC-9FB2-9EE9911CD2E5}.Release|Any CPU.ActiveCfg = Release|Any CPU
		{81BF0C01-A06F-4DEC-9FB2-9EE9911CD2E5}.Release|Any CPU.Build.0 = Release|Any CPU
	EndGlobalSection
	GlobalSection(SolutionProperties) = preSolution
		HideSolutionNode = FALSE
	EndGlobalSection
	GlobalSection(ExtensibilityGlobals) = postSolution
		SolutionGuid = {1EC812CD-9614-4D28-8B09-9B7E4356E694}
	EndGlobalSection
EndGlobal
